
Microsoft Visual Studio Solution File, Format Version 12.00
# Visual Studio 15
VisualStudioVersion = 15.0.28307.106
MinimumVisualStudioVersion = 10.0.40219.1
Project("{9A19103F-16F7-4668-BE54-9A1E7A4F7556}") = "AyaEntity", "AyaEntity\AyaEntity.csproj", "{5FFFD49C-0A90-419F-9B2F-C611FD30D84A}"
EndProject
Project("{9A19103F-16F7-4668-BE54-9A1E7A4F7556}") = "AyaEntity.Tests", "AyaEntity.Tests\AyaEntity.Tests.csproj", "{4349FB6F-E6C2-4B3F-AA50-F6921D907E20}"
EndProject
Global
	GlobalSection(SolutionConfigurationPlatforms) = preSolution
		Debug|Any CPU = Debug|Any CPU
		Release|Any CPU = Release|Any CPU
		Test|Any CPU = Test|Any CPU
	EndGlobalSection
	GlobalSection(ProjectConfigurationPlatforms) = postSolution
		{5FFFD49C-0A90-419F-9B2F-C611FD30D84A}.Debug|Any CPU.ActiveCfg = Debug|Any CPU
		{5FFFD49C-0A90-419F-9B2F-C611FD30D84A}.Debug|Any CPU.Build.0 = Debug|Any CPU
		{5FFFD49C-0A90-419F-9B2F-C611FD30D84A}.Release|Any CPU.ActiveCfg = Release|Any CPU
		{5FFFD49C-0A90-419F-9B2F-C611FD30D84A}.Release|Any CPU.Build.0 = Release|Any CPU
		{5FFFD49C-0A90-419F-9B2F-C611FD30D84A}.Test|Any CPU.ActiveCfg = Test|Any CPU
		{5FFFD49C-0A90-419F-9B2F-C611FD30D84A}.Test|Any CPU.Build.0 = Test|Any CPU
		{4349FB6F-E6C2-4B3F-AA50-F6921D907E20}.Debug|Any CPU.ActiveCfg = Debug|Any CPU
		{4349FB6F-E6C2-4B3F-AA50-F6921D907E20}.Debug|Any CPU.Build.0 = Debug|Any CPU
		{4349FB6F-E6C2-4B3F-AA50-F6921D907E20}.Release|Any CPU.ActiveCfg = Release|Any CPU
		{4349FB6F-E6C2-4B3F-AA50-F6921D907E20}.Release|Any CPU.Build.0 = Release|Any CPU
		{4349FB6F-E6C2-4B3F-AA50-F6921D907E20}.Test|Any CPU.ActiveCfg = Test|Any CPU
		{4349FB6F-E6C2-4B3F-AA50-F6921D907E20}.Test|Any CPU.Build.0 = Test|Any CPU
	EndGlobalSection
	GlobalSection(SolutionProperties) = preSolution
		HideSolutionNode = FALSE
	EndGlobalSection
	GlobalSection(ExtensibilityGlobals) = postSolution
		SolutionGuid = {70DC64D8-39CB-4B98-87B7-C3FB3EE1ECC0}
	EndGlobalSection
EndGlobal
